
Microsoft Visual Studio Solution File, Format Version 12.00
# Visual Studio Version 16
VisualStudioVersion = 16.0.30804.86
MinimumVisualStudioVersion = 10.0.40219.1
Project("{9A19103F-16F7-4668-BE54-9A1E7A4F7556}") = "ERacuniNovi.Server", "Server\ERacuniNovi.Server.csproj", "{27ECFBBF-6766-4350-8B24-5682B0958D4A}"
EndProject
Project("{9A19103F-16F7-4668-BE54-9A1E7A4F7556}") = "ERacuniNovi.Client", "Client\ERacuniNovi.Client.csproj", "{36E67869-85B3-4D7F-8092-2E276DD1B7C3}"
EndProject
Project("{9A19103F-16F7-4668-BE54-9A1E7A4F7556}") = "ERacuniNovi.Shared", "Shared\ERacuniNovi.Shared.csproj", "{33513141-FD01-4FC6-ABA4-2FA8EF6E8CD9}"
EndProject
Global
	GlobalSection(SolutionConfigurationPlatforms) = preSolution
		Debug|Any CPU = Debug|Any CPU
		Release|Any CPU = Release|Any CPU
	EndGlobalSection
	GlobalSection(ProjectConfigurationPlatforms) = postSolution
		{27ECFBBF-6766-4350-8B24-5682B0958D4A}.Debug|Any CPU.ActiveCfg = Debug|Any CPU
		{27ECFBBF-6766-4350-8B24-5682B0958D4A}.Debug|Any CPU.Build.0 = Debug|Any CPU
		{27ECFBBF-6766-4350-8B24-5682B0958D4A}.Release|Any CPU.ActiveCfg = Release|Any CPU
		{27ECFBBF-6766-4350-8B24-5682B0958D4A}.Release|Any CPU.Build.0 = Release|Any CPU
		{36E67869-85B3-4D7F-8092-2E276DD1B7C3}.Debug|Any CPU.ActiveCfg = Debug|Any CPU
		{36E67869-85B3-4D7F-8092-2E276DD1B7C3}.Debug|Any CPU.Build.0 = Debug|Any CPU
		{36E67869-85B3-4D7F-8092-2E276DD1B7C3}.Release|Any CPU.ActiveCfg = Release|Any CPU
		{36E67869-85B3-4D7F-8092-2E276DD1B7C3}.Release|Any CPU.Build.0 = Release|Any CPU
		{33513141-FD01-4FC6-ABA4-2FA8EF6E8CD9}.Debug|Any CPU.ActiveCfg = Debug|Any CPU
		{33513141-FD01-4FC6-ABA4-2FA8EF6E8CD9}.Debug|Any CPU.Build.0 = Debug|Any CPU
		{33513141-FD01-4FC6-ABA4-2FA8EF6E8CD9}.Release|Any CPU.ActiveCfg = Release|Any CPU
		{33513141-FD01-4FC6-ABA4-2FA8EF6E8CD9}.Release|Any CPU.Build.0 = Release|Any CPU
	EndGlobalSection
	GlobalSection(SolutionProperties) = preSolution
		HideSolutionNode = FALSE
	EndGlobalSection
	GlobalSection(ExtensibilityGlobals) = postSolution
		SolutionGuid = {18EDE8E8-A299-478D-BCA6-47EF12783248}
	EndGlobalSection
EndGlobal
